
Microsoft Visual Studio Solution File, Format Version 12.00
Project("{FAE04EC0-301F-11D3-BF4B-00C04F79EFBC}") = "MusicPlayer", "MusicPlayer\MusicPlayer.csproj", "{FCB86200-5BCB-44EC-8E86-8044A835EB7B}"
EndProject
Global
	GlobalSection(SolutionConfigurationPlatforms) = preSolution
		Debug|Any CPU = Debug|Any CPU
		Release|Any CPU = Release|Any CPU
	EndGlobalSection
	GlobalSection(ProjectConfigurationPlatforms) = postSolution
		{FCB86200-5BCB-44EC-8E86-8044A835EB7B}.Debug|Any CPU.ActiveCfg = Debug|Any CPU
		{FCB86200-5BCB-44EC-8E86-8044A835EB7B}.Debug|Any CPU.Build.0 = Debug|Any CPU
		{FCB86200-5BCB-44EC-8E86-8044A835EB7B}.Release|Any CPU.ActiveCfg = Release|Any CPU
		{FCB86200-5BCB-44EC-8E86-8044A835EB7B}.Release|Any CPU.Build.0 = Release|Any CPU
	EndGlobalSection
EndGlobal
